
Microsoft Visual Studio Solution File, Format Version 9.00
# Visual C# Express 2005
Project("{FAE04EC0-301F-11D3-BF4B-00C04F79EFBC}") = "Duologue", "Duologue\Duologue.csproj", "{621206CB-22FA-49D1-A045-B89B1DA68907}"
EndProject
Global
	GlobalSection(SolutionConfigurationPlatforms) = preSolution
		Debug|x86 = Debug|x86
		Release|x86 = Release|x86
	EndGlobalSection
	GlobalSection(ProjectConfigurationPlatforms) = postSolution
		{621206CB-22FA-49D1-A045-B89B1DA68907}.Debug|x86.ActiveCfg = Debug|x86
		{621206CB-22FA-49D1-A045-B89B1DA68907}.Debug|x86.Build.0 = Debug|x86
		{621206CB-22FA-49D1-A045-B89B1DA68907}.Release|x86.ActiveCfg = Release|x86
		{621206CB-22FA-49D1-A045-B89B1DA68907}.Release|x86.Build.0 = Release|x86
		{AF64C3B5-09AD-46A3-969B-48DB06DFB063}.Debug|x86.ActiveCfg = Debug|x86
		{AF64C3B5-09AD-46A3-969B-48DB06DFB063}.Release|x86.ActiveCfg = Release|x86
	EndGlobalSection
	GlobalSection(SolutionProperties) = preSolution
		HideSolutionNode = FALSE
	EndGlobalSection
EndGlobal
